
Microsoft Visual Studio Solution File, Format Version 12.00
# Visual Studio Version 17
VisualStudioVersion = 17.9.34607.119
MinimumVisualStudioVersion = 10.0.40219.1
Project("{9A19103F-16F7-4668-BE54-9A1E7A4F7556}") = "FragrantWorldApp", "FragrantWorldApp\FragrantWorldApp.csproj", "{C111F094-E093-46B8-B61B-4A54CAA9FDF4}"
EndProject
Project("{FAE04EC0-301F-11D3-BF4B-00C04F79EFBC}") = "FragrantWorldApi", "FragrantWorldApi\FragrantWorldApi.csproj", "{30B86A69-1EB3-46AD-A800-0EA0D5478FBE}"
EndProject
Global
	GlobalSection(SolutionConfigurationPlatforms) = preSolution
		Debug|Any CPU = Debug|Any CPU
		Release|Any CPU = Release|Any CPU
	EndGlobalSection
	GlobalSection(ProjectConfigurationPlatforms) = postSolution
		{C111F094-E093-46B8-B61B-4A54CAA9FDF4}.Debug|Any CPU.ActiveCfg = Debug|Any CPU
		{C111F094-E093-46B8-B61B-4A54CAA9FDF4}.Debug|Any CPU.Build.0 = Debug|Any CPU
		{C111F094-E093-46B8-B61B-4A54CAA9FDF4}.Release|Any CPU.ActiveCfg = Release|Any CPU
		{C111F094-E093-46B8-B61B-4A54CAA9FDF4}.Release|Any CPU.Build.0 = Release|Any CPU
		{30B86A69-1EB3-46AD-A800-0EA0D5478FBE}.Debug|Any CPU.ActiveCfg = Debug|Any CPU
		{30B86A69-1EB3-46AD-A800-0EA0D5478FBE}.Debug|Any CPU.Build.0 = Debug|Any CPU
		{30B86A69-1EB3-46AD-A800-0EA0D5478FBE}.Release|Any CPU.ActiveCfg = Release|Any CPU
		{30B86A69-1EB3-46AD-A800-0EA0D5478FBE}.Release|Any CPU.Build.0 = Release|Any CPU
	EndGlobalSection
	GlobalSection(SolutionProperties) = preSolution
		HideSolutionNode = FALSE
	EndGlobalSection
	GlobalSection(ExtensibilityGlobals) = postSolution
		SolutionGuid = {D050484B-2718-401C-8203-BC276A7B2CCE}
	EndGlobalSection
EndGlobal
